<?xml version="1.0" encoding="UTF-8" standalone="yes" ?>
<CodeBlocks_project_file>
	<FileVersion major="1" minor="6" />
	<Project>
		<Option title="Market" />
		<Option pch_mode="2" />
		<Option compiler="gcc" />
		<Build>
			<Target title="Debug">
				<Option output="bin\Debug\Market" prefix_auto="1" extension_auto="1" />
				<Option object_output="obj\Debug\" />
				<Option type="1" />
				<Option compiler="gcc" />
				<Compiler>
					<Add option="-g" />
					<Add directory="include" />
					<Add directory="..\..\..\CodeBlocks-EP\sdk\boost\include" />
					<Add directory="..\..\..\CodeBlocks-EP\sdk\dx\include" />
					<Add directory="..\..\..\CodeBlocks-EP\sdk\fltk\include" />
					<Add directory="..\..\..\CodeBlocks-EP\sdk\glut\include" />
					<Add directory="..\..\..\CodeBlocks-EP\sdk\grx\include" />
					<Add directory="..\..\..\CodeBlocks-EP\sdk\koolplot\include" />
					<Add directory="..\..\..\CodeBlocks-EP\sdk\sdl\include" />
					<Add directory="..\..\..\CodeBlocks-EP\sdk\sqlite\include" />
					<Add directory="..\..\..\CodeBlocks-EP\sdk\tinyxml\include" />
					<Add directory="..\..\..\CodeBlocks-EP\sdk\winbgim\include" />
					<Add directory="..\..\..\CodeBlocks-EP\sdk\wx\include" />
				</Compiler>
				<Linker>
					<Add library="libkoolplot" />
					<Add library="libbgi" />
					<Add library="gdi32" />
					<Add library="comdlg32" />
					<Add library="uuid" />
					<Add library="oleaut32" />
					<Add library="ole32" />
					<Add directory="..\..\..\CodeBlocks-EP\sdk\boost\lib" />
					<Add directory="..\..\..\CodeBlocks-EP\sdk\dx\lib" />
					<Add directory="..\..\..\CodeBlocks-EP\sdk\fltk\lib" />
					<Add directory="..\..\..\CodeBlocks-EP\sdk\glut\lib" />
					<Add directory="..\..\..\CodeBlocks-EP\sdk\grx\lib" />
					<Add directory="..\..\..\CodeBlocks-EP\sdk\koolplot\lib" />
					<Add directory="..\..\..\CodeBlocks-EP\sdk\sdl\lib" />
					<Add directory="..\..\..\CodeBlocks-EP\sdk\sqlite\lib" />
					<Add directory="..\..\..\CodeBlocks-EP\sdk\tinyxml\lib" />
					<Add directory="..\..\..\CodeBlocks-EP\sdk\winbgim\lib" />
					<Add directory="..\..\..\CodeBlocks-EP\sdk\wx\lib" />
				</Linker>
			</Target>
			<Target title="Release">
				<Option output="bin\Release\Market" prefix_auto="1" extension_auto="1" />
				<Option object_output="obj\Release\" />
				<Option type="1" />
				<Option compiler="gcc" />
				<Compiler>
					<Add option="-O2" />
					<Add directory="include" />
					<Add directory="..\..\..\CodeBlocks-EP\sdk\boost\include" />
					<Add directory="..\..\..\CodeBlocks-EP\sdk\dx\include" />
					<Add directory="..\..\..\CodeBlocks-EP\sdk\fltk\include" />
					<Add directory="..\..\..\CodeBlocks-EP\sdk\glut\include" />
					<Add directory="..\..\..\CodeBlocks-EP\sdk\grx\include" />
					<Add directory="..\..\..\CodeBlocks-EP\sdk\koolplot\include" />
					<Add directory="..\..\..\CodeBlocks-EP\sdk\sdl\include" />
					<Add directory="..\..\..\CodeBlocks-EP\sdk\sqlite\include" />
					<Add directory="..\..\..\CodeBlocks-EP\sdk\tinyxml\include" />
					<Add directory="..\..\..\CodeBlocks-EP\sdk\winbgim\include" />
					<Add directory="..\..\..\CodeBlocks-EP\sdk\wx\include" />
				</Compiler>
				<Linker>
					<Add option="-s" />
					<Add library="libkoolplot" />
					<Add library="libbgi" />
					<Add library="gdi32" />
					<Add library="comdlg32" />
					<Add library="uuid" />
					<Add library="oleaut32" />
					<Add library="ole32" />
					<Add directory="..\..\..\CodeBlocks-EP\sdk\boost\lib" />
					<Add directory="..\..\..\CodeBlocks-EP\sdk\dx\lib" />
					<Add directory="..\..\..\CodeBlocks-EP\sdk\fltk\lib" />
					<Add directory="..\..\..\CodeBlocks-EP\sdk\glut\lib" />
					<Add directory="..\..\..\CodeBlocks-EP\sdk\grx\lib" />
					<Add directory="..\..\..\CodeBlocks-EP\sdk\koolplot\lib" />
					<Add directory="..\..\..\CodeBlocks-EP\sdk\sdl\lib" />
					<Add directory="..\..\..\CodeBlocks-EP\sdk\sqlite\lib" />
					<Add directory="..\..\..\CodeBlocks-EP\sdk\tinyxml\lib" />
					<Add directory="..\..\..\CodeBlocks-EP\sdk\winbgim\lib" />
					<Add directory="..\..\..\CodeBlocks-EP\sdk\wx\lib" />
				</Linker>
			</Target>
		</Build>
		<Compiler>
			<Add option="-Wall" />
			<Add option="-fexceptions" />
		</Compiler>
		<Unit filename="include\Consumer.h" />
		<Unit filename="include\Defines.h" />
		<Unit filename="include\Factory.h" />
		<Unit filename="include\Market.h" />
		<Unit filename="include\Owner.h" />
		<Unit filename="include\Person.h" />
		<Unit filename="include\Scene.h" />
		<Unit filename="main.cpp" />
		<Unit filename="src\Consumer.cpp" />
		<Unit filename="src\Factory.cpp" />
		<Unit filename="src\Market.cpp" />
		<Unit filename="src\Owner.cpp" />
		<Unit filename="src\Person.cpp" />
		<Unit filename="src\Scene.cpp" />
		<Extensions>
			<code_completion />
			<envvars />
			<debugger />
			<lib_finder disable_auto="1" />
			<DoxyBlocks>
				<comment_style block="0" line="0" />
				<doxyfile_project />
				<doxyfile_build />
				<doxyfile_warnings />
				<doxyfile_output />
				<doxyfile_dot />
				<general />
			</DoxyBlocks>
		</Extensions>
	</Project>
</CodeBlocks_project_file>
